
Microsoft Visual Studio Solution File, Format Version 12.00
# Visual Studio Version 17
VisualStudioVersion = 17.0.31903.59
MinimumVisualStudioVersion = 10.0.40219.1
Project("{2150E333-8FDC-42A3-9474-1A3956D46DE8}") = "API", "API", "{4446540E-304B-483D-AF67-D4C1C53F3F59}"
EndProject
Project("{FAE04EC0-301F-11D3-BF4B-00C04F79EFBC}") = "Curotec.API", "API\Curotec.API\Curotec.API.csproj", "{70A55C83-BBEC-4202-85A3-DA40A5EA9E58}"
EndProject
Project("{FAE04EC0-301F-11D3-BF4B-00C04F79EFBC}") = "Curotec.Models", "API\Curotec.Models\Curotec.Models.csproj", "{9337B84C-22F9-4861-A08F-564737FDF912}"
EndProject
Project("{FAE04EC0-301F-11D3-BF4B-00C04F79EFBC}") = "Curotec.Data", "API\Curotec.Data\Curotec.Data.csproj", "{50DC9194-C0A6-4ED3-A99C-DABE9CE094FC}"
EndProject
Project("{FAE04EC0-301F-11D3-BF4B-00C04F79EFBC}") = "Curotec.Services", "API\Curotec.Services\Curotec.Services.csproj", "{A76D6267-926B-40E1-8467-E75A9CAB52C2}"
EndProject
Project("{FAE04EC0-301F-11D3-BF4B-00C04F79EFBC}") = "Curotec.Repository", "API\Curotec.Repository\Curotec.Repository.csproj", "{4A5C2B3F-C90A-4370-BF76-FA9718BFE00E}"
EndProject
Project("{FAE04EC0-301F-11D3-BF4B-00C04F79EFBC}") = "Curotec.Tests", "API\Curotec.Tests\Curotec.Tests.csproj", "{87B9BCE5-07DF-4CB4-86D9-1867B21D30C4}"
EndProject
Global
	GlobalSection(SolutionConfigurationPlatforms) = preSolution
		Debug|Any CPU = Debug|Any CPU
		Release|Any CPU = Release|Any CPU
	EndGlobalSection
	GlobalSection(SolutionProperties) = preSolution
		HideSolutionNode = FALSE
	EndGlobalSection
	GlobalSection(ProjectConfigurationPlatforms) = postSolution
		{70A55C83-BBEC-4202-85A3-DA40A5EA9E58}.Debug|Any CPU.ActiveCfg = Debug|Any CPU
		{70A55C83-BBEC-4202-85A3-DA40A5EA9E58}.Debug|Any CPU.Build.0 = Debug|Any CPU
		{70A55C83-BBEC-4202-85A3-DA40A5EA9E58}.Release|Any CPU.ActiveCfg = Release|Any CPU
		{70A55C83-BBEC-4202-85A3-DA40A5EA9E58}.Release|Any CPU.Build.0 = Release|Any CPU
		{9337B84C-22F9-4861-A08F-564737FDF912}.Debug|Any CPU.ActiveCfg = Debug|Any CPU
		{9337B84C-22F9-4861-A08F-564737FDF912}.Debug|Any CPU.Build.0 = Debug|Any CPU
		{9337B84C-22F9-4861-A08F-564737FDF912}.Release|Any CPU.ActiveCfg = Release|Any CPU
		{9337B84C-22F9-4861-A08F-564737FDF912}.Release|Any CPU.Build.0 = Release|Any CPU
		{50DC9194-C0A6-4ED3-A99C-DABE9CE094FC}.Debug|Any CPU.ActiveCfg = Debug|Any CPU
		{50DC9194-C0A6-4ED3-A99C-DABE9CE094FC}.Debug|Any CPU.Build.0 = Debug|Any CPU
		{50DC9194-C0A6-4ED3-A99C-DABE9CE094FC}.Release|Any CPU.ActiveCfg = Release|Any CPU
		{50DC9194-C0A6-4ED3-A99C-DABE9CE094FC}.Release|Any CPU.Build.0 = Release|Any CPU
		{A76D6267-926B-40E1-8467-E75A9CAB52C2}.Debug|Any CPU.ActiveCfg = Debug|Any CPU
		{A76D6267-926B-40E1-8467-E75A9CAB52C2}.Debug|Any CPU.Build.0 = Debug|Any CPU
		{A76D6267-926B-40E1-8467-E75A9CAB52C2}.Release|Any CPU.ActiveCfg = Release|Any CPU
		{A76D6267-926B-40E1-8467-E75A9CAB52C2}.Release|Any CPU.Build.0 = Release|Any CPU
		{4A5C2B3F-C90A-4370-BF76-FA9718BFE00E}.Debug|Any CPU.ActiveCfg = Debug|Any CPU
		{4A5C2B3F-C90A-4370-BF76-FA9718BFE00E}.Debug|Any CPU.Build.0 = Debug|Any CPU
		{4A5C2B3F-C90A-4370-BF76-FA9718BFE00E}.Release|Any CPU.ActiveCfg = Release|Any CPU
		{4A5C2B3F-C90A-4370-BF76-FA9718BFE00E}.Release|Any CPU.Build.0 = Release|Any CPU
		{87B9BCE5-07DF-4CB4-86D9-1867B21D30C4}.Debug|Any CPU.ActiveCfg = Debug|Any CPU
		{87B9BCE5-07DF-4CB4-86D9-1867B21D30C4}.Debug|Any CPU.Build.0 = Debug|Any CPU
		{87B9BCE5-07DF-4CB4-86D9-1867B21D30C4}.Release|Any CPU.ActiveCfg = Release|Any CPU
		{87B9BCE5-07DF-4CB4-86D9-1867B21D30C4}.Release|Any CPU.Build.0 = Release|Any CPU
	EndGlobalSection
	GlobalSection(NestedProjects) = preSolution
		{70A55C83-BBEC-4202-85A3-DA40A5EA9E58} = {4446540E-304B-483D-AF67-D4C1C53F3F59}
		{9337B84C-22F9-4861-A08F-564737FDF912} = {4446540E-304B-483D-AF67-D4C1C53F3F59}
		{50DC9194-C0A6-4ED3-A99C-DABE9CE094FC} = {4446540E-304B-483D-AF67-D4C1C53F3F59}
		{A76D6267-926B-40E1-8467-E75A9CAB52C2} = {4446540E-304B-483D-AF67-D4C1C53F3F59}
		{4A5C2B3F-C90A-4370-BF76-FA9718BFE00E} = {4446540E-304B-483D-AF67-D4C1C53F3F59}
		{87B9BCE5-07DF-4CB4-86D9-1867B21D30C4} = {4446540E-304B-483D-AF67-D4C1C53F3F59}
	EndGlobalSection
EndGlobal
